
Microsoft Visual Studio Solution File, Format Version 12.00
# Visual Studio Version 17
VisualStudioVersion = 17.14.36518.9
MinimumVisualStudioVersion = 10.0.40219.1
Project("{2150E333-8FDC-42A3-9474-1A3956D46DE8}") = "Task0", "Task0", "{02EA681E-C7D8-13C7-8484-4AC65E1B71E8}"
EndProject
Project("{FAE04EC0-301F-11D3-BF4B-00C04F79EFBC}") = "Tyuiu.ShahabAJ.Sprint1.Task0.V28", "Tyuiu.ShahabAJ.Sprint1.Task0.V28\Tyuiu.ShahabAJ.Sprint1.Task0.V28.csproj", "{FF5F0513-4364-488B-85E4-DFA569E296A2}"
EndProject
Project("{FAE04EC0-301F-11D3-BF4B-00C04F79EFBC}") = "Tyuiu.ShahabAJ.Sprint1.Task0.V28.Lib", "Tyuiu.ShahabAJ.Sprint1.Task0.V28.Lib\Tyuiu.ShahabAJ.Sprint1.Task0.V28.Lib.csproj", "{ABF5E881-0DF4-4179-944D-55CFD295DD4A}"
EndProject
Project("{FAE04EC0-301F-11D3-BF4B-00C04F79EFBC}") = "Tyuiu.ShahabAJ.Sprint1.Task0.V28.Test", "Tyuiu.ShahabAJ.Sprint1.Task0.V28.Test\Tyuiu.ShahabAJ.Sprint1.Task0.V28.Test.csproj", "{1AFEAC24-166B-4089-9D50-DEADCA09CD44}"
EndProject
Project("{2150E333-8FDC-42A3-9474-1A3956D46DE8}") = "Task1", "Task1", "{5F79690F-759B-4BCB-BF1F-41CE84A30413}"
EndProject
Project("{FAE04EC0-301F-11D3-BF4B-00C04F79EFBC}") = "Tyuiu.ShahabAJ.Sprint1.Task1.V20", "Tyuiu.ShahabAJ.Sprint1.Task1.V20\Tyuiu.ShahabAJ.Sprint1.Task1.V20.csproj", "{6F55396A-F96E-45AC-97A5-B4F2B9C2685A}"
EndProject
Project("{FAE04EC0-301F-11D3-BF4B-00C04F79EFBC}") = "Tyuiu.ShahabAJ.Sprint1.Task1.V20.Lib", "Tyuiu.ShahabAJ.Sprint1.Task1.V20.Lib\Tyuiu.ShahabAJ.Sprint1.Task1.V20.Lib.csproj", "{8B0E786E-E47D-487E-9E5C-6CC07547F20D}"
EndProject
Project("{FAE04EC0-301F-11D3-BF4B-00C04F79EFBC}") = "Tyuiu.ShahabAJ.Sprint1.Task1.V20.Test", "Tyuiu.ShahabAJ.Sprint1.Task1.V20.Test\Tyuiu.ShahabAJ.Sprint1.Task1.V20.Test.csproj", "{08E08A62-90B4-4944-8B46-905293186FFA}"
EndProject
Project("{2150E333-8FDC-42A3-9474-1A3956D46DE8}") = "Task2", "Task2", "{42AAF227-28F6-4E87-B598-FCA81442C709}"
EndProject
Project("{FAE04EC0-301F-11D3-BF4B-00C04F79EFBC}") = "Tyuiu.ShahabAJ.Sprint1.Task2.V27", "Tyuiu.ShahabAJ.Sprint1.Task2.V27\Tyuiu.ShahabAJ.Sprint1.Task2.V27.csproj", "{B8EE4369-BCCA-487F-B434-FEBD676E3071}"
EndProject
Project("{FAE04EC0-301F-11D3-BF4B-00C04F79EFBC}") = "Tyuiu.ShahabAJ.Sprint1.Task2.V27.Lib", "Tyuiu.ShahabAJ.Sprint1.Task2.V27.Lib\Tyuiu.ShahabAJ.Sprint1.Task2.V27.Lib.csproj", "{E432B9F5-CAD1-4F18-9906-66B40670A888}"
EndProject
Project("{FAE04EC0-301F-11D3-BF4B-00C04F79EFBC}") = "Tyuiu.ShahabAJ.Sprint1.Task2.V27.Test", "Tyuiu.ShahabAJ.Sprint1.Task2.V27.Test\Tyuiu.ShahabAJ.Sprint1.Task2.V27.Test.csproj", "{602D072D-5E67-4233-80CA-9590BF6D6038}"
EndProject
Project("{2150E333-8FDC-42A3-9474-1A3956D46DE8}") = "Task3", "Task3", "{27E49B11-4E45-4B42-B2D6-F4411AB40201}"
EndProject
Project("{FAE04EC0-301F-11D3-BF4B-00C04F79EFBC}") = "Tyuiu.ShahabAJ.Sprint1.Task3.V6", "Tyuiu.ShahabAJ.Sprint1.Task3.V6\Tyuiu.ShahabAJ.Sprint1.Task3.V6.csproj", "{A5C5EFE1-D2FD-482D-944F-AC89FC12E20D}"
EndProject
Project("{FAE04EC0-301F-11D3-BF4B-00C04F79EFBC}") = "Tyuiu.ShahabAJ.Sprint1.Task3.V6.Lib", "Tyuiu.ShahabAJ.Sprint1.Task3.V6.Lib\Tyuiu.ShahabAJ.Sprint1.Task3.V6.Lib.csproj", "{C934678A-5745-4C94-9DDB-8092990A8B7F}"
EndProject
Project("{2150E333-8FDC-42A3-9474-1A3956D46DE8}") = "Task4", "Task4", "{146B5E50-9EAE-421B-B710-F475F0465CB6}"
EndProject
Project("{FAE04EC0-301F-11D3-BF4B-00C04F79EFBC}") = "Tyuiu.ShahabAJ.Sprint1.Task4.V29", "Tyuiu.ShahabAJ.Sprint1.Task4.V29\Tyuiu.ShahabAJ.Sprint1.Task4.V29.csproj", "{A7A5E954-9D0B-4CD4-9EAD-81BDAABEBFCE}"
EndProject
Project("{FAE04EC0-301F-11D3-BF4B-00C04F79EFBC}") = "Tyuiu.ShahabAJ.Sprint1.Task4.V29.Lib", "Tyuiu.ShahabAJ.Sprint1.Task4.V29.Lib\Tyuiu.ShahabAJ.Sprint1.Task4.V29.Lib.csproj", "{74D2E904-479D-482B-A462-F46005DD00DD}"
EndProject
Project("{FAE04EC0-301F-11D3-BF4B-00C04F79EFBC}") = "Tyuiu.ShahabAJ.Sprint1.Task4.V29.Test", "Tyuiu.ShahabAJ.Sprint1.Task4.V29.Test\Tyuiu.ShahabAJ.Sprint1.Task4.V29.Test.csproj", "{2251D951-8704-4E18-84C9-29CD52BA1FD4}"
EndProject
Project("{2150E333-8FDC-42A3-9474-1A3956D46DE8}") = "Task5", "Task5", "{597E4C79-AFB7-404F-A003-55FDBDD12138}"
EndProject
Project("{FAE04EC0-301F-11D3-BF4B-00C04F79EFBC}") = "Tyuiu.ShahabAJ.Sprint1.Task5.V7", "Tyuiu.ShahabAJ.Sprint1.Task5.V7\Tyuiu.ShahabAJ.Sprint1.Task5.V7.csproj", "{B9F1D8F7-6C48-4295-9A93-7F404A34F2DF}"
EndProject
Project("{FAE04EC0-301F-11D3-BF4B-00C04F79EFBC}") = "Tyuiu.ShahabAJ.Sprint1.Task5.V7.Lib", "Tyuiu.ShahabAJ.Sprint1.Task5.V7.Lib\Tyuiu.ShahabAJ.Sprint1.Task5.V7.Lib.csproj", "{A38B9745-0791-4286-A52A-EFC276B1832F}"
EndProject
Project("{FAE04EC0-301F-11D3-BF4B-00C04F79EFBC}") = "Tyuiu.ShahabAJ.Sprint1.Task5.V7.Test", "Tyuiu.ShahabAJ.Sprint1.Task5.V7.Test\Tyuiu.ShahabAJ.Sprint1.Task5.V7.Test.csproj", "{6A50D22B-A8CF-4DE8-BB64-4D48039114F5}"
EndProject
Project("{2150E333-8FDC-42A3-9474-1A3956D46DE8}") = "Task6", "Task6", "{F07DE72B-7ACC-4359-81FA-82B4CF736AFD}"
EndProject
Project("{FAE04EC0-301F-11D3-BF4B-00C04F79EFBC}") = "Tyuiu.ShahabAJ.Sprint1.Task6.V14", "Tyuiu.ShahabAJ.Sprint1.Task6.V14\Tyuiu.ShahabAJ.Sprint1.Task6.V14.csproj", "{22D57DB0-A282-4C57-B414-3448F1875906}"
EndProject
Project("{FAE04EC0-301F-11D3-BF4B-00C04F79EFBC}") = "Tyuiu.ShahabAJ.Sprint1.Task6.V14.Lib", "Tyuiu.ShahabAJ.Sprint1.Task6.V14.Lib\Tyuiu.ShahabAJ.Sprint1.Task6.V14.Lib.csproj", "{91BDD996-3DFF-41D6-801D-171FDECF4250}"
EndProject
Project("{FAE04EC0-301F-11D3-BF4B-00C04F79EFBC}") = "Tyuiu.ShahabAJ.Sprint1.Task6.V14.Test", "Tyuiu.ShahabAJ.Sprint1.Task6.V14.Test\Tyuiu.ShahabAJ.Sprint1.Task6.V14.Test.csproj", "{D263730F-B74A-440A-A496-16E373CD3A80}"
EndProject
Project("{2150E333-8FDC-42A3-9474-1A3956D46DE8}") = "Task7", "Task7", "{9AA56574-C6D0-4432-8756-2865EABC70C6}"
EndProject
Project("{FAE04EC0-301F-11D3-BF4B-00C04F79EFBC}") = "Tyuiu.ShahabAJ.Sprint1.Task7.V10", "Tyuiu.ShahabAJ.Sprint1.Task7.V10\Tyuiu.ShahabAJ.Sprint1.Task7.V10.csproj", "{55654747-2AFF-4257-850D-166C90AEDABA}"
EndProject
Project("{FAE04EC0-301F-11D3-BF4B-00C04F79EFBC}") = "Tyuiu.ShahabAJ.Sprint1.Task7.V10.Lib", "Tyuiu.ShahabAJ.Sprint1.Task7.V10.Lib\Tyuiu.ShahabAJ.Sprint1.Task7.V10.Lib.csproj", "{DD819675-82B5-43FA-88CF-DD11022927D5}"
EndProject
Project("{FAE04EC0-301F-11D3-BF4B-00C04F79EFBC}") = "Tyuiu.ShahabAJ.Sprint1.Task7.V10.Test", "Tyuiu.ShahabAJ.Sprint1.Task7.V10.Test\Tyuiu.ShahabAJ.Sprint1.Task7.V10.Test.csproj", "{C2B14B3A-F39F-47A2-98C4-C33E580690BC}"
EndProject
Global
	GlobalSection(SolutionConfigurationPlatforms) = preSolution
		Debug|Any CPU = Debug|Any CPU
		Release|Any CPU = Release|Any CPU
	EndGlobalSection
	GlobalSection(ProjectConfigurationPlatforms) = postSolution
		{FF5F0513-4364-488B-85E4-DFA569E296A2}.Debug|Any CPU.ActiveCfg = Debug|Any CPU
		{FF5F0513-4364-488B-85E4-DFA569E296A2}.Debug|Any CPU.Build.0 = Debug|Any CPU
		{FF5F0513-4364-488B-85E4-DFA569E296A2}.Release|Any CPU.ActiveCfg = Release|Any CPU
		{FF5F0513-4364-488B-85E4-DFA569E296A2}.Release|Any CPU.Build.0 = Release|Any CPU
		{ABF5E881-0DF4-4179-944D-55CFD295DD4A}.Debug|Any CPU.ActiveCfg = Debug|Any CPU
		{ABF5E881-0DF4-4179-944D-55CFD295DD4A}.Debug|Any CPU.Build.0 = Debug|Any CPU
		{ABF5E881-0DF4-4179-944D-55CFD295DD4A}.Release|Any CPU.ActiveCfg = Release|Any CPU
		{ABF5E881-0DF4-4179-944D-55CFD295DD4A}.Release|Any CPU.Build.0 = Release|Any CPU
		{1AFEAC24-166B-4089-9D50-DEADCA09CD44}.Debug|Any CPU.ActiveCfg = Debug|Any CPU
		{1AFEAC24-166B-4089-9D50-DEADCA09CD44}.Debug|Any CPU.Build.0 = Debug|Any CPU
		{1AFEAC24-166B-4089-9D50-DEADCA09CD44}.Release|Any CPU.ActiveCfg = Release|Any CPU
		{1AFEAC24-166B-4089-9D50-DEADCA09CD44}.Release|Any CPU.Build.0 = Release|Any CPU
		{6F55396A-F96E-45AC-97A5-B4F2B9C2685A}.Debug|Any CPU.ActiveCfg = Debug|Any CPU
		{6F55396A-F96E-45AC-97A5-B4F2B9C2685A}.Debug|Any CPU.Build.0 = Debug|Any CPU
		{6F55396A-F96E-45AC-97A5-B4F2B9C2685A}.Release|Any CPU.ActiveCfg = Release|Any CPU
		{6F55396A-F96E-45AC-97A5-B4F2B9C2685A}.Release|Any CPU.Build.0 = Release|Any CPU
		{8B0E786E-E47D-487E-9E5C-6CC07547F20D}.Debug|Any CPU.ActiveCfg = Debug|Any CPU
		{8B0E786E-E47D-487E-9E5C-6CC07547F20D}.Debug|Any CPU.Build.0 = Debug|Any CPU
		{8B0E786E-E47D-487E-9E5C-6CC07547F20D}.Release|Any CPU.ActiveCfg = Release|Any CPU
		{8B0E786E-E47D-487E-9E5C-6CC07547F20D}.Release|Any CPU.Build.0 = Release|Any CPU
		{08E08A62-90B4-4944-8B46-905293186FFA}.Debug|Any CPU.ActiveCfg = Debug|Any CPU
		{08E08A62-90B4-4944-8B46-905293186FFA}.Debug|Any CPU.Build.0 = Debug|Any CPU
		{08E08A62-90B4-4944-8B46-905293186FFA}.Release|Any CPU.ActiveCfg = Release|Any CPU
		{08E08A62-90B4-4944-8B46-905293186FFA}.Release|Any CPU.Build.0 = Release|Any CPU
		{B8EE4369-BCCA-487F-B434-FEBD676E3071}.Debug|Any CPU.ActiveCfg = Debug|Any CPU
		{B8EE4369-BCCA-487F-B434-FEBD676E3071}.Debug|Any CPU.Build.0 = Debug|Any CPU
		{B8EE4369-BCCA-487F-B434-FEBD676E3071}.Release|Any CPU.ActiveCfg = Release|Any CPU
		{B8EE4369-BCCA-487F-B434-FEBD676E3071}.Release|Any CPU.Build.0 = Release|Any CPU
		{E432B9F5-CAD1-4F18-9906-66B40670A888}.Debug|Any CPU.ActiveCfg = Debug|Any CPU
		{E432B9F5-CAD1-4F18-9906-66B40670A888}.Debug|Any CPU.Build.0 = Debug|Any CPU
		{E432B9F5-CAD1-4F18-9906-66B40670A888}.Release|Any CPU.ActiveCfg = Release|Any CPU
		{E432B9F5-CAD1-4F18-9906-66B40670A888}.Release|Any CPU.Build.0 = Release|Any CPU
		{602D072D-5E67-4233-80CA-9590BF6D6038}.Debug|Any CPU.ActiveCfg = Debug|Any CPU
		{602D072D-5E67-4233-80CA-9590BF6D6038}.Debug|Any CPU.Build.0 = Debug|Any CPU
		{602D072D-5E67-4233-80CA-9590BF6D6038}.Release|Any CPU.ActiveCfg = Release|Any CPU
		{602D072D-5E67-4233-80CA-9590BF6D6038}.Release|Any CPU.Build.0 = Release|Any CPU
		{A5C5EFE1-D2FD-482D-944F-AC89FC12E20D}.Debug|Any CPU.ActiveCfg = Debug|Any CPU
		{A5C5EFE1-D2FD-482D-944F-AC89FC12E20D}.Debug|Any CPU.Build.0 = Debug|Any CPU
		{A5C5EFE1-D2FD-482D-944F-AC89FC12E20D}.Release|Any CPU.ActiveCfg = Release|Any CPU
		{A5C5EFE1-D2FD-482D-944F-AC89FC12E20D}.Release|Any CPU.Build.0 = Release|Any CPU
		{C934678A-5745-4C94-9DDB-8092990A8B7F}.Debug|Any CPU.ActiveCfg = Debug|Any CPU
		{C934678A-5745-4C94-9DDB-8092990A8B7F}.Debug|Any CPU.Build.0 = Debug|Any CPU
		{C934678A-5745-4C94-9DDB-8092990A8B7F}.Release|Any CPU.ActiveCfg = Release|Any CPU
		{C934678A-5745-4C94-9DDB-8092990A8B7F}.Release|Any CPU.Build.0 = Release|Any CPU
		{A7A5E954-9D0B-4CD4-9EAD-81BDAABEBFCE}.Debug|Any CPU.ActiveCfg = Debug|Any CPU
		{A7A5E954-9D0B-4CD4-9EAD-81BDAABEBFCE}.Debug|Any CPU.Build.0 = Debug|Any CPU
		{A7A5E954-9D0B-4CD4-9EAD-81BDAABEBFCE}.Release|Any CPU.ActiveCfg = Release|Any CPU
		{A7A5E954-9D0B-4CD4-9EAD-81BDAABEBFCE}.Release|Any CPU.Build.0 = Release|Any CPU
		{74D2E904-479D-482B-A462-F46005DD00DD}.Debug|Any CPU.ActiveCfg = Debug|Any CPU
		{74D2E904-479D-482B-A462-F46005DD00DD}.Debug|Any CPU.Build.0 = Debug|Any CPU
		{74D2E904-479D-482B-A462-F46005DD00DD}.Release|Any CPU.ActiveCfg = Release|Any CPU
		{74D2E904-479D-482B-A462-F46005DD00DD}.Release|Any CPU.Build.0 = Release|Any CPU
		{2251D951-8704-4E18-84C9-29CD52BA1FD4}.Debug|Any CPU.ActiveCfg = Debug|Any CPU
		{2251D951-8704-4E18-84C9-29CD52BA1FD4}.Debug|Any CPU.Build.0 = Debug|Any CPU
		{2251D951-8704-4E18-84C9-29CD52BA1FD4}.Release|Any CPU.ActiveCfg = Release|Any CPU
		{2251D951-8704-4E18-84C9-29CD52BA1FD4}.Release|Any CPU.Build.0 = Release|Any CPU
		{B9F1D8F7-6C48-4295-9A93-7F404A34F2DF}.Debug|Any CPU.ActiveCfg = Debug|Any CPU
		{B9F1D8F7-6C48-4295-9A93-7F404A34F2DF}.Debug|Any CPU.Build.0 = Debug|Any CPU
		{B9F1D8F7-6C48-4295-9A93-7F404A34F2DF}.Release|Any CPU.ActiveCfg = Release|Any CPU
		{B9F1D8F7-6C48-4295-9A93-7F404A34F2DF}.Release|Any CPU.Build.0 = Release|Any CPU
		{A38B9745-0791-4286-A52A-EFC276B1832F}.Debug|Any CPU.ActiveCfg = Debug|Any CPU
		{A38B9745-0791-4286-A52A-EFC276B1832F}.Debug|Any CPU.Build.0 = Debug|Any CPU
		{A38B9745-0791-4286-A52A-EFC276B1832F}.Release|Any CPU.ActiveCfg = Release|Any CPU
		{A38B9745-0791-4286-A52A-EFC276B1832F}.Release|Any CPU.Build.0 = Release|Any CPU
		{6A50D22B-A8CF-4DE8-BB64-4D48039114F5}.Debug|Any CPU.ActiveCfg = Debug|Any CPU
		{6A50D22B-A8CF-4DE8-BB64-4D48039114F5}.Debug|Any CPU.Build.0 = Debug|Any CPU
		{6A50D22B-A8CF-4DE8-BB64-4D48039114F5}.Release|Any CPU.ActiveCfg = Release|Any CPU
		{6A50D22B-A8CF-4DE8-BB64-4D48039114F5}.Release|Any CPU.Build.0 = Release|Any CPU
		{22D57DB0-A282-4C57-B414-3448F1875906}.Debug|Any CPU.ActiveCfg = Debug|Any CPU
		{22D57DB0-A282-4C57-B414-3448F1875906}.Debug|Any CPU.Build.0 = Debug|Any CPU
		{22D57DB0-A282-4C57-B414-3448F1875906}.Release|Any CPU.ActiveCfg = Release|Any CPU
		{22D57DB0-A282-4C57-B414-3448F1875906}.Release|Any CPU.Build.0 = Release|Any CPU
		{91BDD996-3DFF-41D6-801D-171FDECF4250}.Debug|Any CPU.ActiveCfg = Debug|Any CPU
		{91BDD996-3DFF-41D6-801D-171FDECF4250}.Debug|Any CPU.Build.0 = Debug|Any CPU
		{91BDD996-3DFF-41D6-801D-171FDECF4250}.Release|Any CPU.ActiveCfg = Release|Any CPU
		{91BDD996-3DFF-41D6-801D-171FDECF4250}.Release|Any CPU.Build.0 = Release|Any CPU
		{D263730F-B74A-440A-A496-16E373CD3A80}.Debug|Any CPU.ActiveCfg = Debug|Any CPU
		{D263730F-B74A-440A-A496-16E373CD3A80}.Debug|Any CPU.Build.0 = Debug|Any CPU
		{D263730F-B74A-440A-A496-16E373CD3A80}.Release|Any CPU.ActiveCfg = Release|Any CPU
		{D263730F-B74A-440A-A496-16E373CD3A80}.Release|Any CPU.Build.0 = Release|Any CPU
		{55654747-2AFF-4257-850D-166C90AEDABA}.Debug|Any CPU.ActiveCfg = Debug|Any CPU
		{55654747-2AFF-4257-850D-166C90AEDABA}.Debug|Any CPU.Build.0 = Debug|Any CPU
		{55654747-2AFF-4257-850D-166C90AEDABA}.Release|Any CPU.ActiveCfg = Release|Any CPU
		{55654747-2AFF-4257-850D-166C90AEDABA}.Release|Any CPU.Build.0 = Release|Any CPU
		{DD819675-82B5-43FA-88CF-DD11022927D5}.Debug|Any CPU.ActiveCfg = Debug|Any CPU
		{DD819675-82B5-43FA-88CF-DD11022927D5}.Debug|Any CPU.Build.0 = Debug|Any CPU
		{DD819675-82B5-43FA-88CF-DD11022927D5}.Release|Any CPU.ActiveCfg = Release|Any CPU
		{DD819675-82B5-43FA-88CF-DD11022927D5}.Release|Any CPU.Build.0 = Release|Any CPU
		{C2B14B3A-F39F-47A2-98C4-C33E580690BC}.Debug|Any CPU.ActiveCfg = Debug|Any CPU
		{C2B14B3A-F39F-47A2-98C4-C33E580690BC}.Debug|Any CPU.Build.0 = Debug|Any CPU
		{C2B14B3A-F39F-47A2-98C4-C33E580690BC}.Release|Any CPU.ActiveCfg = Release|Any CPU
		{C2B14B3A-F39F-47A2-98C4-C33E580690BC}.Release|Any CPU.Build.0 = Release|Any CPU
	EndGlobalSection
	GlobalSection(SolutionProperties) = preSolution
		HideSolutionNode = FALSE
	EndGlobalSection
	GlobalSection(NestedProjects) = preSolution
		{FF5F0513-4364-488B-85E4-DFA569E296A2} = {02EA681E-C7D8-13C7-8484-4AC65E1B71E8}
		{ABF5E881-0DF4-4179-944D-55CFD295DD4A} = {02EA681E-C7D8-13C7-8484-4AC65E1B71E8}
		{1AFEAC24-166B-4089-9D50-DEADCA09CD44} = {02EA681E-C7D8-13C7-8484-4AC65E1B71E8}
		{6F55396A-F96E-45AC-97A5-B4F2B9C2685A} = {5F79690F-759B-4BCB-BF1F-41CE84A30413}
		{8B0E786E-E47D-487E-9E5C-6CC07547F20D} = {5F79690F-759B-4BCB-BF1F-41CE84A30413}
		{08E08A62-90B4-4944-8B46-905293186FFA} = {5F79690F-759B-4BCB-BF1F-41CE84A30413}
		{B8EE4369-BCCA-487F-B434-FEBD676E3071} = {42AAF227-28F6-4E87-B598-FCA81442C709}
		{E432B9F5-CAD1-4F18-9906-66B40670A888} = {42AAF227-28F6-4E87-B598-FCA81442C709}
		{602D072D-5E67-4233-80CA-9590BF6D6038} = {42AAF227-28F6-4E87-B598-FCA81442C709}
		{A5C5EFE1-D2FD-482D-944F-AC89FC12E20D} = {27E49B11-4E45-4B42-B2D6-F4411AB40201}
		{C934678A-5745-4C94-9DDB-8092990A8B7F} = {27E49B11-4E45-4B42-B2D6-F4411AB40201}
		{A7A5E954-9D0B-4CD4-9EAD-81BDAABEBFCE} = {146B5E50-9EAE-421B-B710-F475F0465CB6}
		{74D2E904-479D-482B-A462-F46005DD00DD} = {146B5E50-9EAE-421B-B710-F475F0465CB6}
		{2251D951-8704-4E18-84C9-29CD52BA1FD4} = {146B5E50-9EAE-421B-B710-F475F0465CB6}
		{B9F1D8F7-6C48-4295-9A93-7F404A34F2DF} = {597E4C79-AFB7-404F-A003-55FDBDD12138}
		{A38B9745-0791-4286-A52A-EFC276B1832F} = {597E4C79-AFB7-404F-A003-55FDBDD12138}
		{6A50D22B-A8CF-4DE8-BB64-4D48039114F5} = {597E4C79-AFB7-404F-A003-55FDBDD12138}
		{22D57DB0-A282-4C57-B414-3448F1875906} = {F07DE72B-7ACC-4359-81FA-82B4CF736AFD}
		{91BDD996-3DFF-41D6-801D-171FDECF4250} = {F07DE72B-7ACC-4359-81FA-82B4CF736AFD}
		{D263730F-B74A-440A-A496-16E373CD3A80} = {F07DE72B-7ACC-4359-81FA-82B4CF736AFD}
		{55654747-2AFF-4257-850D-166C90AEDABA} = {9AA56574-C6D0-4432-8756-2865EABC70C6}
		{DD819675-82B5-43FA-88CF-DD11022927D5} = {9AA56574-C6D0-4432-8756-2865EABC70C6}
		{C2B14B3A-F39F-47A2-98C4-C33E580690BC} = {9AA56574-C6D0-4432-8756-2865EABC70C6}
	EndGlobalSection
	GlobalSection(ExtensibilityGlobals) = postSolution
		SolutionGuid = {9F0FD894-6824-42E0-9670-7E30010A0D53}
	EndGlobalSection
EndGlobal
